
Microsoft Visual Studio Solution File, Format Version 12.00
# Visual Studio Version 17
VisualStudioVersion = 17.0.31903.59
MinimumVisualStudioVersion = 10.0.40219.1
Project("{2150E333-8FDC-42A3-9474-1A3956D46DE8}") = "src", "src", "{A3A6AB45-57C3-49E4-B1EA-973650BCF0EB}"
EndProject
Project("{FAE04EC0-301F-11D3-BF4B-00C04F79EFBC}") = "AuctionService", "src\AuctionService\AuctionService.csproj", "{08160198-A73D-49D2-8697-EFD33E50919C}"
EndProject
Project("{FAE04EC0-301F-11D3-BF4B-00C04F79EFBC}") = "SearchService", "src\SearchService\SearchService.csproj", "{351E4839-825F-44B4-9FDF-5852DF0A37B4}"
EndProject
Project("{FAE04EC0-301F-11D3-BF4B-00C04F79EFBC}") = "Contracts", "src\Contracts\Contracts.csproj", "{AAF1243A-9F39-4712-A26F-22E3C5FA35FD}"
EndProject
Project("{FAE04EC0-301F-11D3-BF4B-00C04F79EFBC}") = "IdentityService", "src\IdentityService\IdentityService.csproj", "{E817B7BF-AEB0-4DD1-B22F-E4B52C46A7AB}"
EndProject
Project("{FAE04EC0-301F-11D3-BF4B-00C04F79EFBC}") = "GatewayService", "src\GatewayService\GatewayService.csproj", "{DE57BACB-D33D-41DD-8DE1-B6774BCF7F13}"
EndProject
Project("{FAE04EC0-301F-11D3-BF4B-00C04F79EFBC}") = "BiddingService", "src\BiddingService\BiddingService.csproj", "{EA4CF23B-6F7B-48BA-9832-2835B1F6E5B9}"
EndProject
Project("{FAE04EC0-301F-11D3-BF4B-00C04F79EFBC}") = "NotificationService", "src\NotificationService\NotificationService.csproj", "{8000EC59-99CF-47CB-ABBC-C21B33182165}"
EndProject
Global
	GlobalSection(SolutionConfigurationPlatforms) = preSolution
		Debug|Any CPU = Debug|Any CPU
		Release|Any CPU = Release|Any CPU
	EndGlobalSection
	GlobalSection(SolutionProperties) = preSolution
		HideSolutionNode = FALSE
	EndGlobalSection
	GlobalSection(ProjectConfigurationPlatforms) = postSolution
		{08160198-A73D-49D2-8697-EFD33E50919C}.Debug|Any CPU.ActiveCfg = Debug|Any CPU
		{08160198-A73D-49D2-8697-EFD33E50919C}.Debug|Any CPU.Build.0 = Debug|Any CPU
		{08160198-A73D-49D2-8697-EFD33E50919C}.Release|Any CPU.ActiveCfg = Release|Any CPU
		{08160198-A73D-49D2-8697-EFD33E50919C}.Release|Any CPU.Build.0 = Release|Any CPU
		{351E4839-825F-44B4-9FDF-5852DF0A37B4}.Debug|Any CPU.ActiveCfg = Debug|Any CPU
		{351E4839-825F-44B4-9FDF-5852DF0A37B4}.Debug|Any CPU.Build.0 = Debug|Any CPU
		{351E4839-825F-44B4-9FDF-5852DF0A37B4}.Release|Any CPU.ActiveCfg = Release|Any CPU
		{351E4839-825F-44B4-9FDF-5852DF0A37B4}.Release|Any CPU.Build.0 = Release|Any CPU
		{AAF1243A-9F39-4712-A26F-22E3C5FA35FD}.Debug|Any CPU.ActiveCfg = Debug|Any CPU
		{AAF1243A-9F39-4712-A26F-22E3C5FA35FD}.Debug|Any CPU.Build.0 = Debug|Any CPU
		{AAF1243A-9F39-4712-A26F-22E3C5FA35FD}.Release|Any CPU.ActiveCfg = Release|Any CPU
		{AAF1243A-9F39-4712-A26F-22E3C5FA35FD}.Release|Any CPU.Build.0 = Release|Any CPU
		{E817B7BF-AEB0-4DD1-B22F-E4B52C46A7AB}.Debug|Any CPU.ActiveCfg = Debug|Any CPU
		{E817B7BF-AEB0-4DD1-B22F-E4B52C46A7AB}.Debug|Any CPU.Build.0 = Debug|Any CPU
		{E817B7BF-AEB0-4DD1-B22F-E4B52C46A7AB}.Release|Any CPU.ActiveCfg = Release|Any CPU
		{E817B7BF-AEB0-4DD1-B22F-E4B52C46A7AB}.Release|Any CPU.Build.0 = Release|Any CPU
		{DE57BACB-D33D-41DD-8DE1-B6774BCF7F13}.Debug|Any CPU.ActiveCfg = Debug|Any CPU
		{DE57BACB-D33D-41DD-8DE1-B6774BCF7F13}.Debug|Any CPU.Build.0 = Debug|Any CPU
		{DE57BACB-D33D-41DD-8DE1-B6774BCF7F13}.Release|Any CPU.ActiveCfg = Release|Any CPU
		{DE57BACB-D33D-41DD-8DE1-B6774BCF7F13}.Release|Any CPU.Build.0 = Release|Any CPU
		{EA4CF23B-6F7B-48BA-9832-2835B1F6E5B9}.Debug|Any CPU.ActiveCfg = Debug|Any CPU
		{EA4CF23B-6F7B-48BA-9832-2835B1F6E5B9}.Debug|Any CPU.Build.0 = Debug|Any CPU
		{EA4CF23B-6F7B-48BA-9832-2835B1F6E5B9}.Release|Any CPU.ActiveCfg = Release|Any CPU
		{EA4CF23B-6F7B-48BA-9832-2835B1F6E5B9}.Release|Any CPU.Build.0 = Release|Any CPU
		{8000EC59-99CF-47CB-ABBC-C21B33182165}.Debug|Any CPU.ActiveCfg = Debug|Any CPU
		{8000EC59-99CF-47CB-ABBC-C21B33182165}.Debug|Any CPU.Build.0 = Debug|Any CPU
		{8000EC59-99CF-47CB-ABBC-C21B33182165}.Release|Any CPU.ActiveCfg = Release|Any CPU
		{8000EC59-99CF-47CB-ABBC-C21B33182165}.Release|Any CPU.Build.0 = Release|Any CPU
	EndGlobalSection
	GlobalSection(NestedProjects) = preSolution
		{08160198-A73D-49D2-8697-EFD33E50919C} = {A3A6AB45-57C3-49E4-B1EA-973650BCF0EB}
		{351E4839-825F-44B4-9FDF-5852DF0A37B4} = {A3A6AB45-57C3-49E4-B1EA-973650BCF0EB}
		{AAF1243A-9F39-4712-A26F-22E3C5FA35FD} = {A3A6AB45-57C3-49E4-B1EA-973650BCF0EB}
		{E817B7BF-AEB0-4DD1-B22F-E4B52C46A7AB} = {A3A6AB45-57C3-49E4-B1EA-973650BCF0EB}
		{DE57BACB-D33D-41DD-8DE1-B6774BCF7F13} = {A3A6AB45-57C3-49E4-B1EA-973650BCF0EB}
		{EA4CF23B-6F7B-48BA-9832-2835B1F6E5B9} = {A3A6AB45-57C3-49E4-B1EA-973650BCF0EB}
		{8000EC59-99CF-47CB-ABBC-C21B33182165} = {A3A6AB45-57C3-49E4-B1EA-973650BCF0EB}
	EndGlobalSection
EndGlobal
